
Microsoft Visual Studio Solution File, Format Version 12.00
# Visual Studio Version 16
VisualStudioVersion = 16.0.29409.12
MinimumVisualStudioVersion = 10.0.40219.1
Project("{FAE04EC0-301F-11D3-BF4B-00C04F79EFBC}") = "RollingDiceApp", "RollingDiceApp\RollingDiceApp.csproj", "{0D988F9F-EECB-4C93-92F7-6E7334032841}"
EndProject
Global
	GlobalSection(SolutionConfigurationPlatforms) = preSolution
		Debug|Any CPU = Debug|Any CPU
		Release|Any CPU = Release|Any CPU
	EndGlobalSection
	GlobalSection(ProjectConfigurationPlatforms) = postSolution
		{0D988F9F-EECB-4C93-92F7-6E7334032841}.Debug|Any CPU.ActiveCfg = Debug|Any CPU
		{0D988F9F-EECB-4C93-92F7-6E7334032841}.Debug|Any CPU.Build.0 = Debug|Any CPU
		{0D988F9F-EECB-4C93-92F7-6E7334032841}.Release|Any CPU.ActiveCfg = Release|Any CPU
		{0D988F9F-EECB-4C93-92F7-6E7334032841}.Release|Any CPU.Build.0 = Release|Any CPU
	EndGlobalSection
	GlobalSection(SolutionProperties) = preSolution
		HideSolutionNode = FALSE
	EndGlobalSection
	GlobalSection(ExtensibilityGlobals) = postSolution
		SolutionGuid = {CD7368D5-01A2-4018-A62F-A41B4E7747C0}
	EndGlobalSection
EndGlobal
